
Microsoft Visual Studio Solution File, Format Version 12.00
# Visual Studio Version 16
VisualStudioVersion = 16.0.31112.23
MinimumVisualStudioVersion = 10.0.40219.1
Project("{FAE04EC0-301F-11D3-BF4B-00C04F79EFBC}") = "DevIo.App", "src\DevIo.App\DevIo.App.csproj", "{15FAB50D-84ED-4374-8613-11F2990B8D83}"
EndProject
Project("{FAE04EC0-301F-11D3-BF4B-00C04F79EFBC}") = "DevIo.Business", "src\DevIo.Business\DevIo.Business.csproj", "{8250CA98-559C-400A-87EE-F6FDDF428D9B}"
EndProject
Project("{FAE04EC0-301F-11D3-BF4B-00C04F79EFBC}") = "DevIo.Data", "src\DevIo.Data\DevIo.Data.csproj", "{B7DBD4A0-DDBD-45E9-B653-4B0D3033B473}"
EndProject
Global
	GlobalSection(SolutionConfigurationPlatforms) = preSolution
		Debug|Any CPU = Debug|Any CPU
		Release|Any CPU = Release|Any CPU
	EndGlobalSection
	GlobalSection(ProjectConfigurationPlatforms) = postSolution
		{15FAB50D-84ED-4374-8613-11F2990B8D83}.Debug|Any CPU.ActiveCfg = Debug|Any CPU
		{15FAB50D-84ED-4374-8613-11F2990B8D83}.Debug|Any CPU.Build.0 = Debug|Any CPU
		{15FAB50D-84ED-4374-8613-11F2990B8D83}.Release|Any CPU.ActiveCfg = Release|Any CPU
		{15FAB50D-84ED-4374-8613-11F2990B8D83}.Release|Any CPU.Build.0 = Release|Any CPU
		{8250CA98-559C-400A-87EE-F6FDDF428D9B}.Debug|Any CPU.ActiveCfg = Debug|Any CPU
		{8250CA98-559C-400A-87EE-F6FDDF428D9B}.Debug|Any CPU.Build.0 = Debug|Any CPU
		{8250CA98-559C-400A-87EE-F6FDDF428D9B}.Release|Any CPU.ActiveCfg = Release|Any CPU
		{8250CA98-559C-400A-87EE-F6FDDF428D9B}.Release|Any CPU.Build.0 = Release|Any CPU
		{B7DBD4A0-DDBD-45E9-B653-4B0D3033B473}.Debug|Any CPU.ActiveCfg = Debug|Any CPU
		{B7DBD4A0-DDBD-45E9-B653-4B0D3033B473}.Debug|Any CPU.Build.0 = Debug|Any CPU
		{B7DBD4A0-DDBD-45E9-B653-4B0D3033B473}.Release|Any CPU.ActiveCfg = Release|Any CPU
		{B7DBD4A0-DDBD-45E9-B653-4B0D3033B473}.Release|Any CPU.Build.0 = Release|Any CPU
	EndGlobalSection
	GlobalSection(SolutionProperties) = preSolution
		HideSolutionNode = FALSE
	EndGlobalSection
	GlobalSection(ExtensibilityGlobals) = postSolution
		SolutionGuid = {E50D28CF-63FE-4531-9DB8-2C855AC16339}
	EndGlobalSection
EndGlobal
