
Microsoft Visual Studio Solution File, Format Version 12.00
# Visual Studio Version 16
VisualStudioVersion = 16.0.30011.22
MinimumVisualStudioVersion = 10.0.40219.1
Project("{9A19103F-16F7-4668-BE54-9A1E7A4F7556}") = "App", "App\App.csproj", "{518BD5A0-A9BB-48D9-8837-1F10335158C3}"
EndProject
Project("{9A19103F-16F7-4668-BE54-9A1E7A4F7556}") = "ViewComponents", "ViewComponents\ViewComponents.csproj", "{6B9EB8B3-A010-485B-A0B6-1D43481D5643}"
EndProject
Project("{FAE04EC0-301F-11D3-BF4B-00C04F79EFBC}") = "Formularios", "Formularios\Formularios.csproj", "{3680391C-0403-42B6-8CE2-B90E44120298}"
EndProject
Global
	GlobalSection(SolutionConfigurationPlatforms) = preSolution
		Debug|Any CPU = Debug|Any CPU
		Release|Any CPU = Release|Any CPU
	EndGlobalSection
	GlobalSection(ProjectConfigurationPlatforms) = postSolution
		{518BD5A0-A9BB-48D9-8837-1F10335158C3}.Debug|Any CPU.ActiveCfg = Debug|Any CPU
		{518BD5A0-A9BB-48D9-8837-1F10335158C3}.Debug|Any CPU.Build.0 = Debug|Any CPU
		{518BD5A0-A9BB-48D9-8837-1F10335158C3}.Release|Any CPU.ActiveCfg = Release|Any CPU
		{518BD5A0-A9BB-48D9-8837-1F10335158C3}.Release|Any CPU.Build.0 = Release|Any CPU
		{6B9EB8B3-A010-485B-A0B6-1D43481D5643}.Debug|Any CPU.ActiveCfg = Debug|Any CPU
		{6B9EB8B3-A010-485B-A0B6-1D43481D5643}.Debug|Any CPU.Build.0 = Debug|Any CPU
		{6B9EB8B3-A010-485B-A0B6-1D43481D5643}.Release|Any CPU.ActiveCfg = Release|Any CPU
		{6B9EB8B3-A010-485B-A0B6-1D43481D5643}.Release|Any CPU.Build.0 = Release|Any CPU
		{3680391C-0403-42B6-8CE2-B90E44120298}.Debug|Any CPU.ActiveCfg = Debug|Any CPU
		{3680391C-0403-42B6-8CE2-B90E44120298}.Debug|Any CPU.Build.0 = Debug|Any CPU
		{3680391C-0403-42B6-8CE2-B90E44120298}.Release|Any CPU.ActiveCfg = Release|Any CPU
		{3680391C-0403-42B6-8CE2-B90E44120298}.Release|Any CPU.Build.0 = Release|Any CPU
	EndGlobalSection
	GlobalSection(SolutionProperties) = preSolution
		HideSolutionNode = FALSE
	EndGlobalSection
	GlobalSection(ExtensibilityGlobals) = postSolution
		SolutionGuid = {C2CEC531-3A1E-4E17-AB40-327F924FD0D6}
	EndGlobalSection
EndGlobal
